
Microsoft Visual Studio Solution File, Format Version 12.00
# Visual Studio Version 16
VisualStudioVersion = 16.0.30611.23
MinimumVisualStudioVersion = 10.0.40219.1
Project("{9A19103F-16F7-4668-BE54-9A1E7A4F7556}") = "Zadatak1.Demo", "Zadatak1.Demo\Zadatak1.Demo.csproj", "{B940F960-9847-4A7E-B8BA-1D0CEA4150B1}"
EndProject
Project("{9A19103F-16F7-4668-BE54-9A1E7A4F7556}") = "Zadatak1.Tests", "Zadatak1.Tests\Zadatak1.Tests.csproj", "{3394CFF3-17E5-44C6-8946-5C5DD0685A7B}"
EndProject
Project("{9A19103F-16F7-4668-BE54-9A1E7A4F7556}") = "Zadatak1", "Zadatak1\Zadatak1.csproj", "{7FFE7154-72F7-4D7D-B063-41B31240BF71}"
EndProject
Project("{9A19103F-16F7-4668-BE54-9A1E7A4F7556}") = "Zadatak2.Tests", "Zadatak2.Tests\Zadatak2.Tests.csproj", "{22E7B377-17E9-4CE3-BE25-E9B2F4802B8A}"
EndProject
Project("{FAE04EC0-301F-11D3-BF4B-00C04F79EFBC}") = "Zadatak2.Demo", "Zadatak2.Demo\Zadatak2.Demo.csproj", "{984AE9D6-8114-4F91-9912-A2D7710D3EA9}"
	ProjectSection(ProjectDependencies) = postProject
		{4D086F11-76FA-4051-B907-D5966F7401D3} = {4D086F11-76FA-4051-B907-D5966F7401D3}
	EndProjectSection
EndProject
Project("{FAE04EC0-301F-11D3-BF4B-00C04F79EFBC}") = "Zadatak2", "Zadatak2\Zadatak2.csproj", "{4D086F11-76FA-4051-B907-D5966F7401D3}"
EndProject
Project("{8BC9CEB8-8B4A-11D0-8D11-00A0C91BC942}") = "Zadatak3", "Zadatak3\Zadatak3.vcxproj", "{0F2D467F-5F77-4DB7-9860-3513BFAAD64E}"
EndProject
Project("{8BC9CEB8-8B4A-11D0-8D11-00A0C91BC942}") = "Zadatak3Demo", "Zadatak3Demo\Zadatak3Demo.vcxproj", "{D98F4961-139E-4D56-BF7C-64DA0A76B4A0}"
EndProject
Project("{FAE04EC0-301F-11D3-BF4B-00C04F79EFBC}") = "Zadatak4", "Zadatak4\Zadatak4.csproj", "{0EC55839-12BD-488D-BC47-09F3DD559078}"
EndProject
Global
	GlobalSection(SolutionConfigurationPlatforms) = preSolution
		Debug|Any CPU = Debug|Any CPU
		Debug|ARM = Debug|ARM
		Debug|ARM64 = Debug|ARM64
		Debug|x64 = Debug|x64
		Debug|x86 = Debug|x86
		Release|Any CPU = Release|Any CPU
		Release|ARM = Release|ARM
		Release|ARM64 = Release|ARM64
		Release|x64 = Release|x64
		Release|x86 = Release|x86
	EndGlobalSection
	GlobalSection(ProjectConfigurationPlatforms) = postSolution
		{B940F960-9847-4A7E-B8BA-1D0CEA4150B1}.Debug|Any CPU.ActiveCfg = Debug|Any CPU
		{B940F960-9847-4A7E-B8BA-1D0CEA4150B1}.Debug|Any CPU.Build.0 = Debug|Any CPU
		{B940F960-9847-4A7E-B8BA-1D0CEA4150B1}.Debug|ARM.ActiveCfg = Debug|Any CPU
		{B940F960-9847-4A7E-B8BA-1D0CEA4150B1}.Debug|ARM.Build.0 = Debug|Any CPU
		{B940F960-9847-4A7E-B8BA-1D0CEA4150B1}.Debug|ARM64.ActiveCfg = Debug|Any CPU
		{B940F960-9847-4A7E-B8BA-1D0CEA4150B1}.Debug|ARM64.Build.0 = Debug|Any CPU
		{B940F960-9847-4A7E-B8BA-1D0CEA4150B1}.Debug|x64.ActiveCfg = Debug|Any CPU
		{B940F960-9847-4A7E-B8BA-1D0CEA4150B1}.Debug|x64.Build.0 = Debug|Any CPU
		{B940F960-9847-4A7E-B8BA-1D0CEA4150B1}.Debug|x86.ActiveCfg = Debug|Any CPU
		{B940F960-9847-4A7E-B8BA-1D0CEA4150B1}.Debug|x86.Build.0 = Debug|Any CPU
		{B940F960-9847-4A7E-B8BA-1D0CEA4150B1}.Release|Any CPU.ActiveCfg = Release|Any CPU
		{B940F960-9847-4A7E-B8BA-1D0CEA4150B1}.Release|Any CPU.Build.0 = Release|Any CPU
		{B940F960-9847-4A7E-B8BA-1D0CEA4150B1}.Release|ARM.ActiveCfg = Release|Any CPU
		{B940F960-9847-4A7E-B8BA-1D0CEA4150B1}.Release|ARM.Build.0 = Release|Any CPU
		{B940F960-9847-4A7E-B8BA-1D0CEA4150B1}.Release|ARM64.ActiveCfg = Release|Any CPU
		{B940F960-9847-4A7E-B8BA-1D0CEA4150B1}.Release|ARM64.Build.0 = Release|Any CPU
		{B940F960-9847-4A7E-B8BA-1D0CEA4150B1}.Release|x64.ActiveCfg = Release|Any CPU
		{B940F960-9847-4A7E-B8BA-1D0CEA4150B1}.Release|x64.Build.0 = Release|Any CPU
		{B940F960-9847-4A7E-B8BA-1D0CEA4150B1}.Release|x86.ActiveCfg = Release|Any CPU
		{B940F960-9847-4A7E-B8BA-1D0CEA4150B1}.Release|x86.Build.0 = Release|Any CPU
		{3394CFF3-17E5-44C6-8946-5C5DD0685A7B}.Debug|Any CPU.ActiveCfg = Debug|Any CPU
		{3394CFF3-17E5-44C6-8946-5C5DD0685A7B}.Debug|Any CPU.Build.0 = Debug|Any CPU
		{3394CFF3-17E5-44C6-8946-5C5DD0685A7B}.Debug|ARM.ActiveCfg = Debug|Any CPU
		{3394CFF3-17E5-44C6-8946-5C5DD0685A7B}.Debug|ARM.Build.0 = Debug|Any CPU
		{3394CFF3-17E5-44C6-8946-5C5DD0685A7B}.Debug|ARM64.ActiveCfg = Debug|Any CPU
		{3394CFF3-17E5-44C6-8946-5C5DD0685A7B}.Debug|ARM64.Build.0 = Debug|Any CPU
		{3394CFF3-17E5-44C6-8946-5C5DD0685A7B}.Debug|x64.ActiveCfg = Debug|Any CPU
		{3394CFF3-17E5-44C6-8946-5C5DD0685A7B}.Debug|x64.Build.0 = Debug|Any CPU
		{3394CFF3-17E5-44C6-8946-5C5DD0685A7B}.Debug|x86.ActiveCfg = Debug|Any CPU
		{3394CFF3-17E5-44C6-8946-5C5DD0685A7B}.Debug|x86.Build.0 = Debug|Any CPU
		{3394CFF3-17E5-44C6-8946-5C5DD0685A7B}.Release|Any CPU.ActiveCfg = Release|Any CPU
		{3394CFF3-17E5-44C6-8946-5C5DD0685A7B}.Release|Any CPU.Build.0 = Release|Any CPU
		{3394CFF3-17E5-44C6-8946-5C5DD0685A7B}.Release|ARM.ActiveCfg = Release|Any CPU
		{3394CFF3-17E5-44C6-8946-5C5DD0685A7B}.Release|ARM.Build.0 = Release|Any CPU
		{3394CFF3-17E5-44C6-8946-5C5DD0685A7B}.Release|ARM64.ActiveCfg = Release|Any CPU
		{3394CFF3-17E5-44C6-8946-5C5DD0685A7B}.Release|ARM64.Build.0 = Release|Any CPU
		{3394CFF3-17E5-44C6-8946-5C5DD0685A7B}.Release|x64.ActiveCfg = Release|Any CPU
		{3394CFF3-17E5-44C6-8946-5C5DD0685A7B}.Release|x64.Build.0 = Release|Any CPU
		{3394CFF3-17E5-44C6-8946-5C5DD0685A7B}.Release|x86.ActiveCfg = Release|Any CPU
		{3394CFF3-17E5-44C6-8946-5C5DD0685A7B}.Release|x86.Build.0 = Release|Any CPU
		{7FFE7154-72F7-4D7D-B063-41B31240BF71}.Debug|Any CPU.ActiveCfg = Debug|Any CPU
		{7FFE7154-72F7-4D7D-B063-41B31240BF71}.Debug|Any CPU.Build.0 = Debug|Any CPU
		{7FFE7154-72F7-4D7D-B063-41B31240BF71}.Debug|ARM.ActiveCfg = Debug|Any CPU
		{7FFE7154-72F7-4D7D-B063-41B31240BF71}.Debug|ARM.Build.0 = Debug|Any CPU
		{7FFE7154-72F7-4D7D-B063-41B31240BF71}.Debug|ARM64.ActiveCfg = Debug|Any CPU
		{7FFE7154-72F7-4D7D-B063-41B31240BF71}.Debug|ARM64.Build.0 = Debug|Any CPU
		{7FFE7154-72F7-4D7D-B063-41B31240BF71}.Debug|x64.ActiveCfg = Debug|Any CPU
		{7FFE7154-72F7-4D7D-B063-41B31240BF71}.Debug|x64.Build.0 = Debug|Any CPU
		{7FFE7154-72F7-4D7D-B063-41B31240BF71}.Debug|x86.ActiveCfg = Debug|Any CPU
		{7FFE7154-72F7-4D7D-B063-41B31240BF71}.Debug|x86.Build.0 = Debug|Any CPU
		{7FFE7154-72F7-4D7D-B063-41B31240BF71}.Release|Any CPU.ActiveCfg = Release|Any CPU
		{7FFE7154-72F7-4D7D-B063-41B31240BF71}.Release|Any CPU.Build.0 = Release|Any CPU
		{7FFE7154-72F7-4D7D-B063-41B31240BF71}.Release|ARM.ActiveCfg = Release|Any CPU
		{7FFE7154-72F7-4D7D-B063-41B31240BF71}.Release|ARM.Build.0 = Release|Any CPU
		{7FFE7154-72F7-4D7D-B063-41B31240BF71}.Release|ARM64.ActiveCfg = Release|Any CPU
		{7FFE7154-72F7-4D7D-B063-41B31240BF71}.Release|ARM64.Build.0 = Release|Any CPU
		{7FFE7154-72F7-4D7D-B063-41B31240BF71}.Release|x64.ActiveCfg = Release|Any CPU
		{7FFE7154-72F7-4D7D-B063-41B31240BF71}.Release|x64.Build.0 = Release|Any CPU
		{7FFE7154-72F7-4D7D-B063-41B31240BF71}.Release|x86.ActiveCfg = Release|Any CPU
		{7FFE7154-72F7-4D7D-B063-41B31240BF71}.Release|x86.Build.0 = Release|Any CPU
		{22E7B377-17E9-4CE3-BE25-E9B2F4802B8A}.Debug|Any CPU.ActiveCfg = Debug|Any CPU
		{22E7B377-17E9-4CE3-BE25-E9B2F4802B8A}.Debug|Any CPU.Build.0 = Debug|Any CPU
		{22E7B377-17E9-4CE3-BE25-E9B2F4802B8A}.Debug|ARM.ActiveCfg = Debug|Any CPU
		{22E7B377-17E9-4CE3-BE25-E9B2F4802B8A}.Debug|ARM.Build.0 = Debug|Any CPU
		{22E7B377-17E9-4CE3-BE25-E9B2F4802B8A}.Debug|ARM64.ActiveCfg = Debug|Any CPU
		{22E7B377-17E9-4CE3-BE25-E9B2F4802B8A}.Debug|ARM64.Build.0 = Debug|Any CPU
		{22E7B377-17E9-4CE3-BE25-E9B2F4802B8A}.Debug|x64.ActiveCfg = Debug|Any CPU
		{22E7B377-17E9-4CE3-BE25-E9B2F4802B8A}.Debug|x64.Build.0 = Debug|Any CPU
		{22E7B377-17E9-4CE3-BE25-E9B2F4802B8A}.Debug|x86.ActiveCfg = Debug|Any CPU
		{22E7B377-17E9-4CE3-BE25-E9B2F4802B8A}.Debug|x86.Build.0 = Debug|Any CPU
		{22E7B377-17E9-4CE3-BE25-E9B2F4802B8A}.Release|Any CPU.ActiveCfg = Release|Any CPU
		{22E7B377-17E9-4CE3-BE25-E9B2F4802B8A}.Release|Any CPU.Build.0 = Release|Any CPU
		{22E7B377-17E9-4CE3-BE25-E9B2F4802B8A}.Release|ARM.ActiveCfg = Release|Any CPU
		{22E7B377-17E9-4CE3-BE25-E9B2F4802B8A}.Release|ARM.Build.0 = Release|Any CPU
		{22E7B377-17E9-4CE3-BE25-E9B2F4802B8A}.Release|ARM64.ActiveCfg = Release|Any CPU
		{22E7B377-17E9-4CE3-BE25-E9B2F4802B8A}.Release|ARM64.Build.0 = Release|Any CPU
		{22E7B377-17E9-4CE3-BE25-E9B2F4802B8A}.Release|x64.ActiveCfg = Release|Any CPU
		{22E7B377-17E9-4CE3-BE25-E9B2F4802B8A}.Release|x64.Build.0 = Release|Any CPU
		{22E7B377-17E9-4CE3-BE25-E9B2F4802B8A}.Release|x86.ActiveCfg = Release|Any CPU
		{22E7B377-17E9-4CE3-BE25-E9B2F4802B8A}.Release|x86.Build.0 = Release|Any CPU
		{984AE9D6-8114-4F91-9912-A2D7710D3EA9}.Debug|Any CPU.ActiveCfg = Debug|x86
		{984AE9D6-8114-4F91-9912-A2D7710D3EA9}.Debug|Any CPU.Build.0 = Debug|x86
		{984AE9D6-8114-4F91-9912-A2D7710D3EA9}.Debug|Any CPU.Deploy.0 = Debug|x86
		{984AE9D6-8114-4F91-9912-A2D7710D3EA9}.Debug|ARM.ActiveCfg = Debug|ARM
		{984AE9D6-8114-4F91-9912-A2D7710D3EA9}.Debug|ARM.Build.0 = Debug|ARM
		{984AE9D6-8114-4F91-9912-A2D7710D3EA9}.Debug|ARM.Deploy.0 = Debug|ARM
		{984AE9D6-8114-4F91-9912-A2D7710D3EA9}.Debug|ARM64.ActiveCfg = Debug|ARM64
		{984AE9D6-8114-4F91-9912-A2D7710D3EA9}.Debug|ARM64.Build.0 = Debug|ARM64
		{984AE9D6-8114-4F91-9912-A2D7710D3EA9}.Debug|ARM64.Deploy.0 = Debug|ARM64
		{984AE9D6-8114-4F91-9912-A2D7710D3EA9}.Debug|x64.ActiveCfg = Debug|x64
		{984AE9D6-8114-4F91-9912-A2D7710D3EA9}.Debug|x64.Build.0 = Debug|x64
		{984AE9D6-8114-4F91-9912-A2D7710D3EA9}.Debug|x64.Deploy.0 = Debug|x64
		{984AE9D6-8114-4F91-9912-A2D7710D3EA9}.Debug|x86.ActiveCfg = Debug|x86
		{984AE9D6-8114-4F91-9912-A2D7710D3EA9}.Debug|x86.Build.0 = Debug|x86
		{984AE9D6-8114-4F91-9912-A2D7710D3EA9}.Debug|x86.Deploy.0 = Debug|x86
		{984AE9D6-8114-4F91-9912-A2D7710D3EA9}.Release|Any CPU.ActiveCfg = Release|x86
		{984AE9D6-8114-4F91-9912-A2D7710D3EA9}.Release|ARM.ActiveCfg = Release|ARM
		{984AE9D6-8114-4F91-9912-A2D7710D3EA9}.Release|ARM.Build.0 = Release|ARM
		{984AE9D6-8114-4F91-9912-A2D7710D3EA9}.Release|ARM.Deploy.0 = Release|ARM
		{984AE9D6-8114-4F91-9912-A2D7710D3EA9}.Release|ARM64.ActiveCfg = Release|ARM64
		{984AE9D6-8114-4F91-9912-A2D7710D3EA9}.Release|ARM64.Build.0 = Release|ARM64
		{984AE9D6-8114-4F91-9912-A2D7710D3EA9}.Release|ARM64.Deploy.0 = Release|ARM64
		{984AE9D6-8114-4F91-9912-A2D7710D3EA9}.Release|x64.ActiveCfg = Release|x64
		{984AE9D6-8114-4F91-9912-A2D7710D3EA9}.Release|x64.Build.0 = Release|x64
		{984AE9D6-8114-4F91-9912-A2D7710D3EA9}.Release|x64.Deploy.0 = Release|x64
		{984AE9D6-8114-4F91-9912-A2D7710D3EA9}.Release|x86.ActiveCfg = Release|x86
		{984AE9D6-8114-4F91-9912-A2D7710D3EA9}.Release|x86.Build.0 = Release|x86
		{984AE9D6-8114-4F91-9912-A2D7710D3EA9}.Release|x86.Deploy.0 = Release|x86
		{4D086F11-76FA-4051-B907-D5966F7401D3}.Debug|Any CPU.ActiveCfg = Debug|Any CPU
		{4D086F11-76FA-4051-B907-D5966F7401D3}.Debug|Any CPU.Build.0 = Debug|Any CPU
		{4D086F11-76FA-4051-B907-D5966F7401D3}.Debug|ARM.ActiveCfg = Debug|ARM
		{4D086F11-76FA-4051-B907-D5966F7401D3}.Debug|ARM.Build.0 = Debug|ARM
		{4D086F11-76FA-4051-B907-D5966F7401D3}.Debug|ARM64.ActiveCfg = Debug|ARM64
		{4D086F11-76FA-4051-B907-D5966F7401D3}.Debug|ARM64.Build.0 = Debug|ARM64
		{4D086F11-76FA-4051-B907-D5966F7401D3}.Debug|x64.ActiveCfg = Debug|x64
		{4D086F11-76FA-4051-B907-D5966F7401D3}.Debug|x64.Build.0 = Debug|x64
		{4D086F11-76FA-4051-B907-D5966F7401D3}.Debug|x86.ActiveCfg = Debug|x86
		{4D086F11-76FA-4051-B907-D5966F7401D3}.Debug|x86.Build.0 = Debug|x86
		{4D086F11-76FA-4051-B907-D5966F7401D3}.Release|Any CPU.ActiveCfg = Release|Any CPU
		{4D086F11-76FA-4051-B907-D5966F7401D3}.Release|Any CPU.Build.0 = Release|Any CPU
		{4D086F11-76FA-4051-B907-D5966F7401D3}.Release|ARM.ActiveCfg = Release|ARM
		{4D086F11-76FA-4051-B907-D5966F7401D3}.Release|ARM.Build.0 = Release|ARM
		{4D086F11-76FA-4051-B907-D5966F7401D3}.Release|ARM64.ActiveCfg = Release|ARM64
		{4D086F11-76FA-4051-B907-D5966F7401D3}.Release|ARM64.Build.0 = Release|ARM64
		{4D086F11-76FA-4051-B907-D5966F7401D3}.Release|x64.ActiveCfg = Release|x64
		{4D086F11-76FA-4051-B907-D5966F7401D3}.Release|x64.Build.0 = Release|x64
		{4D086F11-76FA-4051-B907-D5966F7401D3}.Release|x86.ActiveCfg = Release|x86
		{4D086F11-76FA-4051-B907-D5966F7401D3}.Release|x86.Build.0 = Release|x86
		{0F2D467F-5F77-4DB7-9860-3513BFAAD64E}.Debug|Any CPU.ActiveCfg = Debug|x64
		{0F2D467F-5F77-4DB7-9860-3513BFAAD64E}.Debug|ARM.ActiveCfg = Debug|x64
		{0F2D467F-5F77-4DB7-9860-3513BFAAD64E}.Debug|ARM64.ActiveCfg = Debug|x64
		{0F2D467F-5F77-4DB7-9860-3513BFAAD64E}.Debug|x64.ActiveCfg = Debug|x64
		{0F2D467F-5F77-4DB7-9860-3513BFAAD64E}.Debug|x64.Build.0 = Debug|x64
		{0F2D467F-5F77-4DB7-9860-3513BFAAD64E}.Debug|x86.ActiveCfg = Debug|x64
		{0F2D467F-5F77-4DB7-9860-3513BFAAD64E}.Release|Any CPU.ActiveCfg = Release|x64
		{0F2D467F-5F77-4DB7-9860-3513BFAAD64E}.Release|ARM.ActiveCfg = Release|x64
		{0F2D467F-5F77-4DB7-9860-3513BFAAD64E}.Release|ARM64.ActiveCfg = Release|x64
		{0F2D467F-5F77-4DB7-9860-3513BFAAD64E}.Release|x64.ActiveCfg = Release|x64
		{0F2D467F-5F77-4DB7-9860-3513BFAAD64E}.Release|x64.Build.0 = Release|x64
		{0F2D467F-5F77-4DB7-9860-3513BFAAD64E}.Release|x86.ActiveCfg = Release|x64
		{D98F4961-139E-4D56-BF7C-64DA0A76B4A0}.Debug|Any CPU.ActiveCfg = Debug|x64
		{D98F4961-139E-4D56-BF7C-64DA0A76B4A0}.Debug|ARM.ActiveCfg = Debug|x64
		{D98F4961-139E-4D56-BF7C-64DA0A76B4A0}.Debug|ARM64.ActiveCfg = Debug|x64
		{D98F4961-139E-4D56-BF7C-64DA0A76B4A0}.Debug|x64.ActiveCfg = Debug|x64
		{D98F4961-139E-4D56-BF7C-64DA0A76B4A0}.Debug|x64.Build.0 = Debug|x64
		{D98F4961-139E-4D56-BF7C-64DA0A76B4A0}.Debug|x86.ActiveCfg = Debug|x64
		{D98F4961-139E-4D56-BF7C-64DA0A76B4A0}.Release|Any CPU.ActiveCfg = Release|x64
		{D98F4961-139E-4D56-BF7C-64DA0A76B4A0}.Release|ARM.ActiveCfg = Release|x64
		{D98F4961-139E-4D56-BF7C-64DA0A76B4A0}.Release|ARM64.ActiveCfg = Release|x64
		{D98F4961-139E-4D56-BF7C-64DA0A76B4A0}.Release|x64.ActiveCfg = Release|x64
		{D98F4961-139E-4D56-BF7C-64DA0A76B4A0}.Release|x64.Build.0 = Release|x64
		{D98F4961-139E-4D56-BF7C-64DA0A76B4A0}.Release|x86.ActiveCfg = Release|x64
		{0EC55839-12BD-488D-BC47-09F3DD559078}.Debug|Any CPU.ActiveCfg = Debug|Any CPU
		{0EC55839-12BD-488D-BC47-09F3DD559078}.Debug|Any CPU.Build.0 = Debug|Any CPU
		{0EC55839-12BD-488D-BC47-09F3DD559078}.Debug|ARM.ActiveCfg = Debug|Any CPU
		{0EC55839-12BD-488D-BC47-09F3DD559078}.Debug|ARM.Build.0 = Debug|Any CPU
		{0EC55839-12BD-488D-BC47-09F3DD559078}.Debug|ARM64.ActiveCfg = Debug|Any CPU
		{0EC55839-12BD-488D-BC47-09F3DD559078}.Debug|ARM64.Build.0 = Debug|Any CPU
		{0EC55839-12BD-488D-BC47-09F3DD559078}.Debug|x64.ActiveCfg = Debug|Any CPU
		{0EC55839-12BD-488D-BC47-09F3DD559078}.Debug|x64.Build.0 = Debug|Any CPU
		{0EC55839-12BD-488D-BC47-09F3DD559078}.Debug|x86.ActiveCfg = Debug|Any CPU
		{0EC55839-12BD-488D-BC47-09F3DD559078}.Debug|x86.Build.0 = Debug|Any CPU
		{0EC55839-12BD-488D-BC47-09F3DD559078}.Release|Any CPU.ActiveCfg = Release|Any CPU
		{0EC55839-12BD-488D-BC47-09F3DD559078}.Release|Any CPU.Build.0 = Release|Any CPU
		{0EC55839-12BD-488D-BC47-09F3DD559078}.Release|ARM.ActiveCfg = Release|Any CPU
		{0EC55839-12BD-488D-BC47-09F3DD559078}.Release|ARM.Build.0 = Release|Any CPU
		{0EC55839-12BD-488D-BC47-09F3DD559078}.Release|ARM64.ActiveCfg = Release|Any CPU
		{0EC55839-12BD-488D-BC47-09F3DD559078}.Release|ARM64.Build.0 = Release|Any CPU
		{0EC55839-12BD-488D-BC47-09F3DD559078}.Release|x64.ActiveCfg = Release|Any CPU
		{0EC55839-12BD-488D-BC47-09F3DD559078}.Release|x64.Build.0 = Release|Any CPU
		{0EC55839-12BD-488D-BC47-09F3DD559078}.Release|x86.ActiveCfg = Release|Any CPU
		{0EC55839-12BD-488D-BC47-09F3DD559078}.Release|x86.Build.0 = Release|Any CPU
	EndGlobalSection
	GlobalSection(SolutionProperties) = preSolution
		HideSolutionNode = FALSE
	EndGlobalSection
	GlobalSection(ExtensibilityGlobals) = postSolution
		SolutionGuid = {C0A73E3F-73C3-4C6E-9A58-DBC14587595B}
	EndGlobalSection
EndGlobal
